{
  "name": "edudex",
  "version": "1.0.0",
  "lockfileVersion": 2,
  "requires": true,
  "packages": {
    "": {
      "version": "1.0.0",
      "license": "ISC",
      "dependencies": {
        "asn1.js": "^5.4.1",
        "avalanche": "^3.2.5",
        "axios": "^0.21.1",
        "base-x": "^3.0.8",
        "base64-js": "^1.5.1",
        "bech32": "^1.1.4",
        "blakejs": "^1.1.0",
        "bn.js": "^4.11.8",
        "brorand": "^1.1.0",
        "browserify-aes": "^1.2.0",
        "browserify-cipher": "^1.0.1",
        "browserify-des": "^1.0.2",
        "browserify-rsa": "^4.1.0",
        "browserify-sign": "^4.2.1",
        "bs58": "^4.0.1",
        "bs58check": "^2.1.2",
        "buffer": "^5.5.0",
        "buffer-to-arraybuffer": "^0.0.5",
        "buffer-xor": "^1.0.3",
        "cipher-base": "^1.0.4",
        "create-ecdh": "^4.0.4",
        "create-hash": "^1.2.0",
        "create-hmac": "^1.1.7",
        "crypto-browserify": "^3.12.0",
        "decode-uri-component": "^0.2.0",
        "decompress-response": "^3.3.0",
        "des.js": "^1.0.1",
        "detect-node": "^2.0.5",
        "diffie-hellman": "^5.0.3",
        "dom-walk": "^0.1.2",
        "dotenv": "^8.2.0",
        "elliptic": "^6.5.4",
        "eth-lib": "^0.2.8",
        "ethereum-bloom-filters": "^1.0.9",
        "ethereum-cryptography": "^0.1.3",
        "ethereumjs-util": "^7.0.10",
        "ethjs-unit": "^0.1.6",
        "ethjs-util": "^0.1.6",
        "evp_bytestokey": "^1.0.3",
        "follow-redirects": "^1.13.3",
        "global": "^4.4.0",
        "hash-base": "^3.1.0",
        "hash.js": "^1.1.7",
        "hmac-drbg": "^1.0.1",
        "ieee754": "^1.2.1",
        "inherits": "^2.0.4",
        "is-function": "^1.0.2",
        "is-hex-prefixed": "^1.0.0",
        "js-sha3": "^0.8.0",
        "keccak": "^3.0.1",
        "md5.js": "^1.3.5",
        "miller-rabin": "^4.0.1",
        "mimic-response": "^1.0.1",
        "min-document": "^2.19.0",
        "minimalistic-assert": "^1.0.1",
        "minimalistic-crypto-utils": "^1.0.1",
        "node-addon-api": "^2.0.2",
        "node-forge": "^0.10.0",
        "node-gyp-build": "^4.2.3",
        "number-to-bn": "^1.7.0",
        "object-assign": "^4.1.1",
        "once": "^1.4.0",
        "parse-asn1": "^5.1.6",
        "parse-headers": "^2.0.3",
        "pbkdf2": "^3.1.2",
        "process": "^0.11.10",
        "public-encrypt": "^4.0.3",
        "query-string": "^5.1.1",
        "randombytes": "^2.1.0",
        "randomfill": "^1.0.4",
        "readable-stream": "^3.6.0",
        "ripemd160": "^2.0.2",
        "rlp": "^2.2.6",
        "safe-buffer": "^5.2.1",
        "safer-buffer": "^2.1.2",
        "scrypt-js": "^3.0.1",
        "secp256k1": "^4.0.2",
        "setimmediate": "^1.0.5",
        "sha.js": "^2.4.11",
        "simple-concat": "^1.0.1",
        "simple-get": "^2.8.1",
        "store2": "^2.11.0",
        "strict-uri-encode": "^1.1.0",
        "string_decoder": "^1.3.0",
        "strip-hex-prefix": "^1.0.0",
        "timed-out": "^4.0.1",
        "underscore": "^1.9.1",
        "url-set-query": "^1.0.0",
        "utf8": "^3.0.0",
        "util-deprecate": "^1.0.2",
        "web3-utils": "^1.2.11",
        "webcrypto": "^0.1.1",
        "wrappy": "^1.0.2",
        "xhr": "^2.6.0",
        "xhr-request": "^1.1.0",
        "xhr-request-promise": "^0.1.3",
        "xtend": "^4.0.2"
      }
    },
    "node_modules/@types/bn.js": {
      "version": "5.1.0",
      "license": "MIT",
      "dependencies": {
        "@types/node": "*"
      }
    },
    "node_modules/@types/node": {
      "version": "14.14.37",
      "license": "MIT"
    },
    "node_modules/@types/pbkdf2": {
      "version": "3.1.0",
      "license": "MIT",
      "dependencies": {
        "@types/node": "*"
      }
    },
    "node_modules/@types/secp256k1": {
      "version": "4.0.1",
      "license": "MIT",
      "dependencies": {
        "@types/node": "*"
      }
    },
    "node_modules/asn1.js": {
      "version": "5.4.1",
      "license": "MIT",
      "dependencies": {
        "bn.js": "^4.0.0",
        "inherits": "^2.0.1",
        "minimalistic-assert": "^1.0.0",
        "safer-buffer": "^2.1.0"
      }
    },
    "node_modules/avalanche": {
      "version": "3.2.5",
      "license": "BSD-3-Clause",
      "dependencies": {
        "axios": "0.21.1",
        "bech32": "1.1.4",
        "bn.js": "4.11.8",
        "buffer": "5.5.0",
        "create-hash": "1.2.0",
        "elliptic": "6.5.4",
        "node-forge": "^0.10.0",
        "secp256k1": "4.0.2",
        "store2": "2.11.0",
        "web3-utils": "1.2.11",
        "webcrypto": "0.1.1"
      },
      "engines": {
        "node": ">=14.16.0",
        "npm": ">=6.14.11"
      }
    },
    "node_modules/axios": {
      "version": "0.21.1",
      "license": "MIT",
      "dependencies": {
        "follow-redirects": "^1.10.0"
      }
    },
    "node_modules/base-x": {
      "version": "3.0.8",
      "license": "MIT",
      "dependencies": {
        "safe-buffer": "^5.0.1"
      }
    },
    "node_modules/base64-js": {
      "version": "1.5.1",
      "funding": [
        {
          "type": "github",
          "url": "https://github.com/sponsors/feross"
        },
        {
          "type": "patreon",
          "url": "https://www.patreon.com/feross"
        },
        {
          "type": "consulting",
          "url": "https://feross.org/support"
        }
      ],
      "license": "MIT"
    },
    "node_modules/bech32": {
      "version": "1.1.4",
      "license": "MIT"
    },
    "node_modules/blakejs": {
      "version": "1.1.0",
      "license": "CC0-1.0"
    },
    "node_modules/bn.js": {
      "version": "4.11.8",
      "license": "MIT"
    },
    "node_modules/brorand": {
      "version": "1.1.0",
      "license": "MIT"
    },
    "node_modules/browserify-aes": {
      "version": "1.2.0",
      "license": "MIT",
      "dependencies": {
        "buffer-xor": "^1.0.3",
        "cipher-base": "^1.0.0",
        "create-hash": "^1.1.0",
        "evp_bytestokey": "^1.0.3",
        "inherits": "^2.0.1",
        "safe-buffer": "^5.0.1"
      }
    },
    "node_modules/browserify-cipher": {
      "version": "1.0.1",
      "license": "MIT",
      "dependencies": {
        "browserify-aes": "^1.0.4",
        "browserify-des": "^1.0.0",
        "evp_bytestokey": "^1.0.0"
      }
    },
    "node_modules/browserify-des": {
      "version": "1.0.2",
      "license": "MIT",
      "dependencies": {
        "cipher-base": "^1.0.1",
        "des.js": "^1.0.0",
        "inherits": "^2.0.1",
        "safe-buffer": "^5.1.2"
      }
    },
    "node_modules/browserify-rsa": {
      "version": "4.1.0",
      "license": "MIT",
      "dependencies": {
        "bn.js": "^5.0.0",
        "randombytes": "^2.0.1"
      }
    },
    "node_modules/browserify-rsa/node_modules/bn.js": {
      "version": "5.2.0",
      "license": "MIT"
    },
    "node_modules/browserify-sign": {
      "version": "4.2.1",
      "license": "ISC",
      "dependencies": {
        "bn.js": "^5.1.1",
        "browserify-rsa": "^4.0.1",
        "create-hash": "^1.2.0",
        "create-hmac": "^1.1.7",
        "elliptic": "^6.5.3",
        "inherits": "^2.0.4",
        "parse-asn1": "^5.1.5",
        "readable-stream": "^3.6.0",
        "safe-buffer": "^5.2.0"
      }
    },
    "node_modules/browserify-sign/node_modules/bn.js": {
      "version": "5.2.0",
      "license": "MIT"
    },
    "node_modules/bs58": {
      "version": "4.0.1",
      "license": "MIT",
      "dependencies": {
        "base-x": "^3.0.2"
      }
    },
    "node_modules/bs58check": {
      "version": "2.1.2",
      "license": "MIT",
      "dependencies": {
        "bs58": "^4.0.0",
        "create-hash": "^1.1.0",
        "safe-buffer": "^5.1.2"
      }
    },
    "node_modules/buffer": {
      "version": "5.5.0",
      "license": "MIT",
      "dependencies": {
        "base64-js": "^1.0.2",
        "ieee754": "^1.1.4"
      }
    },
    "node_modules/buffer-to-arraybuffer": {
      "version": "0.0.5",
      "license": "MIT"
    },
    "node_modules/buffer-xor": {
      "version": "1.0.3",
      "license": "MIT"
    },
    "node_modules/cipher-base": {
      "version": "1.0.4",
      "license": "MIT",
      "dependencies": {
        "inherits": "^2.0.1",
        "safe-buffer": "^5.0.1"
      }
    },
    "node_modules/create-ecdh": {
      "version": "4.0.4",
      "license": "MIT",
      "dependencies": {
        "bn.js": "^4.1.0",
        "elliptic": "^6.5.3"
      }
    },
    "node_modules/create-hash": {
      "version": "1.2.0",
      "license": "MIT",
      "dependencies": {
        "cipher-base": "^1.0.1",
        "inherits": "^2.0.1",
        "md5.js": "^1.3.4",
        "ripemd160": "^2.0.1",
        "sha.js": "^2.4.0"
      }
    },
    "node_modules/create-hmac": {
      "version": "1.1.7",
      "license": "MIT",
      "dependencies": {
        "cipher-base": "^1.0.3",
        "create-hash": "^1.1.0",
        "inherits": "^2.0.1",
        "ripemd160": "^2.0.0",
        "safe-buffer": "^5.0.1",
        "sha.js": "^2.4.8"
      }
    },
    "node_modules/crypto-browserify": {
      "version": "3.12.0",
      "license": "MIT",
      "dependencies": {
        "browserify-cipher": "^1.0.0",
        "browserify-sign": "^4.0.0",
        "create-ecdh": "^4.0.0",
        "create-hash": "^1.1.0",
        "create-hmac": "^1.1.0",
        "diffie-hellman": "^5.0.0",
        "inherits": "^2.0.1",
        "pbkdf2": "^3.0.3",
        "public-encrypt": "^4.0.0",
        "randombytes": "^2.0.0",
        "randomfill": "^1.0.3"
      },
      "engines": {
        "node": "*"
      }
    },
    "node_modules/decode-uri-component": {
      "version": "0.2.0",
      "license": "MIT",
      "engines": {
        "node": ">=0.10"
      }
    },
    "node_modules/decompress-response": {
      "version": "3.3.0",
      "license": "MIT",
      "dependencies": {
        "mimic-response": "^1.0.0"
      },
      "engines": {
        "node": ">=4"
      }
    },
    "node_modules/des.js": {
      "version": "1.0.1",
      "license": "MIT",
      "dependencies": {
        "inherits": "^2.0.1",
        "minimalistic-assert": "^1.0.0"
      }
    },
    "node_modules/detect-node": {
      "version": "2.0.5",
      "license": "MIT"
    },
    "node_modules/diffie-hellman": {
      "version": "5.0.3",
      "license": "MIT",
      "dependencies": {
        "bn.js": "^4.1.0",
        "miller-rabin": "^4.0.0",
        "randombytes": "^2.0.0"
      }
    },
    "node_modules/dom-walk": {
      "version": "0.1.2"
    },
    "node_modules/dotenv": {
      "version": "8.2.0",
      "license": "BSD-2-Clause",
      "engines": {
        "node": ">=8"
      }
    },
    "node_modules/elliptic": {
      "version": "6.5.4",
      "license": "MIT",
      "dependencies": {
        "bn.js": "^4.11.9",
        "brorand": "^1.1.0",
        "hash.js": "^1.0.0",
        "hmac-drbg": "^1.0.1",
        "inherits": "^2.0.4",
        "minimalistic-assert": "^1.0.1",
        "minimalistic-crypto-utils": "^1.0.1"
      }
    },
    "node_modules/elliptic/node_modules/bn.js": {
      "version": "4.12.0",
      "license": "MIT"
    },
    "node_modules/eth-lib": {
      "version": "0.2.8",
      "license": "MIT",
      "dependencies": {
        "bn.js": "^4.11.6",
        "elliptic": "^6.4.0",
        "xhr-request-promise": "^0.1.2"
      }
    },
    "node_modules/ethereum-bloom-filters": {
      "version": "1.0.9",
      "license": "MIT",
      "dependencies": {
        "js-sha3": "^0.8.0"
      }
    },
    "node_modules/ethereum-cryptography": {
      "version": "0.1.3",
      "license": "MIT",
      "dependencies": {
        "@types/pbkdf2": "^3.0.0",
        "@types/secp256k1": "^4.0.1",
        "blakejs": "^1.1.0",
        "browserify-aes": "^1.2.0",
        "bs58check": "^2.1.2",
        "create-hash": "^1.2.0",
        "create-hmac": "^1.1.7",
        "hash.js": "^1.1.7",
        "keccak": "^3.0.0",
        "pbkdf2": "^3.0.17",
        "randombytes": "^2.1.0",
        "safe-buffer": "^5.1.2",
        "scrypt-js": "^3.0.0",
        "secp256k1": "^4.0.1",
        "setimmediate": "^1.0.5"
      }
    },
    "node_modules/ethereumjs-util": {
      "version": "7.0.10",
      "license": "MPL-2.0",
      "dependencies": {
        "@types/bn.js": "^5.1.0",
        "bn.js": "^5.1.2",
        "create-hash": "^1.1.2",
        "ethereum-cryptography": "^0.1.3",
        "ethjs-util": "0.1.6",
        "rlp": "^2.2.4"
      },
      "engines": {
        "node": ">=10.0.0"
      }
    },
    "node_modules/ethereumjs-util/node_modules/bn.js": {
      "version": "5.2.0",
      "license": "MIT"
    },
    "node_modules/ethjs-unit": {
      "version": "0.1.6",
      "license": "MIT",
      "dependencies": {
        "bn.js": "4.11.6",
        "number-to-bn": "1.7.0"
      },
      "engines": {
        "node": ">=6.5.0",
        "npm": ">=3"
      }
    },
    "node_modules/ethjs-unit/node_modules/bn.js": {
      "version": "4.11.6",
      "license": "MIT"
    },
    "node_modules/ethjs-util": {
      "version": "0.1.6",
      "license": "MIT",
      "dependencies": {
        "is-hex-prefixed": "1.0.0",
        "strip-hex-prefix": "1.0.0"
      },
      "engines": {
        "node": ">=6.5.0",
        "npm": ">=3"
      }
    },
    "node_modules/evp_bytestokey": {
      "version": "1.0.3",
      "license": "MIT",
      "dependencies": {
        "md5.js": "^1.3.4",
        "safe-buffer": "^5.1.1"
      }
    },
    "node_modules/follow-redirects": {
      "version": "1.13.3",
      "funding": [
        {
          "type": "individual",
          "url": "https://github.com/sponsors/RubenVerborgh"
        }
      ],
      "license": "MIT",
      "engines": {
        "node": ">=4.0"
      },
      "peerDependenciesMeta": {
        "debug": {
          "optional": true
        }
      }
    },
    "node_modules/global": {
      "version": "4.4.0",
      "license": "MIT",
      "dependencies": {
        "min-document": "^2.19.0",
        "process": "^0.11.10"
      }
    },
    "node_modules/hash-base": {
      "version": "3.1.0",
      "license": "MIT",
      "dependencies": {
        "inherits": "^2.0.4",
        "readable-stream": "^3.6.0",
        "safe-buffer": "^5.2.0"
      },
      "engines": {
        "node": ">=4"
      }
    },
    "node_modules/hash.js": {
      "version": "1.1.7",
      "license": "MIT",
      "dependencies": {
        "inherits": "^2.0.3",
        "minimalistic-assert": "^1.0.1"
      }
    },
    "node_modules/hmac-drbg": {
      "version": "1.0.1",
      "license": "MIT",
      "dependencies": {
        "hash.js": "^1.0.3",
        "minimalistic-assert": "^1.0.0",
        "minimalistic-crypto-utils": "^1.0.1"
      }
    },
    "node_modules/ieee754": {
      "version": "1.2.1",
      "funding": [
        {
          "type": "github",
          "url": "https://github.com/sponsors/feross"
        },
        {
          "type": "patreon",
          "url": "https://www.patreon.com/feross"
        },
        {
          "type": "consulting",
          "url": "https://feross.org/support"
        }
      ],
      "license": "BSD-3-Clause"
    },
    "node_modules/inherits": {
      "version": "2.0.4",
      "license": "ISC"
    },
    "node_modules/is-function": {
      "version": "1.0.2",
      "license": "MIT"
    },
    "node_modules/is-hex-prefixed": {
      "version": "1.0.0",
      "license": "MIT",
      "engines": {
        "node": ">=6.5.0",
        "npm": ">=3"
      }
    },
    "node_modules/js-sha3": {
      "version": "0.8.0",
      "license": "MIT"
    },
    "node_modules/keccak": {
      "version": "3.0.1",
      "hasInstallScript": true,
      "license": "MIT",
      "dependencies": {
        "node-addon-api": "^2.0.0",
        "node-gyp-build": "^4.2.0"
      },
      "engines": {
        "node": ">=10.0.0"
      }
    },
    "node_modules/md5.js": {
      "version": "1.3.5",
      "license": "MIT",
      "dependencies": {
        "hash-base": "^3.0.0",
        "inherits": "^2.0.1",
        "safe-buffer": "^5.1.2"
      }
    },
    "node_modules/miller-rabin": {
      "version": "4.0.1",
      "license": "MIT",
      "dependencies": {
        "bn.js": "^4.0.0",
        "brorand": "^1.0.1"
      },
      "bin": {
        "miller-rabin": "bin/miller-rabin"
      }
    },
    "node_modules/mimic-response": {
      "version": "1.0.1",
      "license": "MIT",
      "engines": {
        "node": ">=4"
      }
    },
    "node_modules/min-document": {
      "version": "2.19.0",
      "dependencies": {
        "dom-walk": "^0.1.0"
      }
    },
    "node_modules/minimalistic-assert": {
      "version": "1.0.1",
      "license": "ISC"
    },
    "node_modules/minimalistic-crypto-utils": {
      "version": "1.0.1",
      "license": "MIT"
    },
    "node_modules/node-addon-api": {
      "version": "2.0.2",
      "license": "MIT"
    },
    "node_modules/node-forge": {
      "version": "0.10.0",
      "license": "(BSD-3-Clause OR GPL-2.0)",
      "engines": {
        "node": ">= 6.0.0"
      }
    },
    "node_modules/node-gyp-build": {
      "version": "4.2.3",
      "license": "MIT",
      "bin": {
        "node-gyp-build": "bin.js",
        "node-gyp-build-optional": "optional.js",
        "node-gyp-build-test": "build-test.js"
      }
    },
    "node_modules/number-to-bn": {
      "version": "1.7.0",
      "license": "MIT",
      "dependencies": {
        "bn.js": "4.11.6",
        "strip-hex-prefix": "1.0.0"
      },
      "engines": {
        "node": ">=6.5.0",
        "npm": ">=3"
      }
    },
    "node_modules/number-to-bn/node_modules/bn.js": {
      "version": "4.11.6",
      "license": "MIT"
    },
    "node_modules/object-assign": {
      "version": "4.1.1",
      "license": "MIT",
      "engines": {
        "node": ">=0.10.0"
      }
    },
    "node_modules/once": {
      "version": "1.4.0",
      "license": "ISC",
      "dependencies": {
        "wrappy": "1"
      }
    },
    "node_modules/parse-asn1": {
      "version": "5.1.6",
      "license": "ISC",
      "dependencies": {
        "asn1.js": "^5.2.0",
        "browserify-aes": "^1.0.0",
        "evp_bytestokey": "^1.0.0",
        "pbkdf2": "^3.0.3",
        "safe-buffer": "^5.1.1"
      }
    },
    "node_modules/parse-headers": {
      "version": "2.0.3",
      "license": "MIT"
    },
    "node_modules/pbkdf2": {
      "version": "3.1.2",
      "license": "MIT",
      "dependencies": {
        "create-hash": "^1.1.2",
        "create-hmac": "^1.1.4",
        "ripemd160": "^2.0.1",
        "safe-buffer": "^5.0.1",
        "sha.js": "^2.4.8"
      },
      "engines": {
        "node": ">=0.12"
      }
    },
    "node_modules/process": {
      "version": "0.11.10",
      "license": "MIT",
      "engines": {
        "node": ">= 0.6.0"
      }
    },
    "node_modules/public-encrypt": {
      "version": "4.0.3",
      "license": "MIT",
      "dependencies": {
        "bn.js": "^4.1.0",
        "browserify-rsa": "^4.0.0",
        "create-hash": "^1.1.0",
        "parse-asn1": "^5.0.0",
        "randombytes": "^2.0.1",
        "safe-buffer": "^5.1.2"
      }
    },
    "node_modules/query-string": {
      "version": "5.1.1",
      "license": "MIT",
      "dependencies": {
        "decode-uri-component": "^0.2.0",
        "object-assign": "^4.1.0",
        "strict-uri-encode": "^1.0.0"
      },
      "engines": {
        "node": ">=0.10.0"
      }
    },
    "node_modules/randombytes": {
      "version": "2.1.0",
      "license": "MIT",
      "dependencies": {
        "safe-buffer": "^5.1.0"
      }
    },
    "node_modules/randomfill": {
      "version": "1.0.4",
      "license": "MIT",
      "dependencies": {
        "randombytes": "^2.0.5",
        "safe-buffer": "^5.1.0"
      }
    },
    "node_modules/readable-stream": {
      "version": "3.6.0",
      "license": "MIT",
      "dependencies": {
        "inherits": "^2.0.3",
        "string_decoder": "^1.1.1",
        "util-deprecate": "^1.0.1"
      },
      "engines": {
        "node": ">= 6"
      }
    },
    "node_modules/ripemd160": {
      "version": "2.0.2",
      "license": "MIT",
      "dependencies": {
        "hash-base": "^3.0.0",
        "inherits": "^2.0.1"
      }
    },
    "node_modules/rlp": {
      "version": "2.2.6",
      "license": "MPL-2.0",
      "dependencies": {
        "bn.js": "^4.11.1"
      },
      "bin": {
        "rlp": "bin/rlp"
      }
    },
    "node_modules/safe-buffer": {
      "version": "5.2.1",
      "funding": [
        {
          "type": "github",
          "url": "https://github.com/sponsors/feross"
        },
        {
          "type": "patreon",
          "url": "https://www.patreon.com/feross"
        },
        {
          "type": "consulting",
          "url": "https://feross.org/support"
        }
      ],
      "license": "MIT"
    },
    "node_modules/safer-buffer": {
      "version": "2.1.2",
      "license": "MIT"
    },
    "node_modules/scrypt-js": {
      "version": "3.0.1",
      "license": "MIT"
    },
    "node_modules/secp256k1": {
      "version": "4.0.2",
      "hasInstallScript": true,
      "license": "MIT",
      "dependencies": {
        "elliptic": "^6.5.2",
        "node-addon-api": "^2.0.0",
        "node-gyp-build": "^4.2.0"
      },
      "engines": {
        "node": ">=10.0.0"
      }
    },
    "node_modules/setimmediate": {
      "version": "1.0.5",
      "license": "MIT"
    },
    "node_modules/sha.js": {
      "version": "2.4.11",
      "license": "(MIT AND BSD-3-Clause)",
      "dependencies": {
        "inherits": "^2.0.1",
        "safe-buffer": "^5.0.1"
      },
      "bin": {
        "sha.js": "bin.js"
      }
    },
    "node_modules/simple-concat": {
      "version": "1.0.1",
      "funding": [
        {
          "type": "github",
          "url": "https://github.com/sponsors/feross"
        },
        {
          "type": "patreon",
          "url": "https://www.patreon.com/feross"
        },
        {
          "type": "consulting",
          "url": "https://feross.org/support"
        }
      ],
      "license": "MIT"
    },
    "node_modules/simple-get": {
      "version": "2.8.1",
      "license": "MIT",
      "dependencies": {
        "decompress-response": "^3.3.0",
        "once": "^1.3.1",
        "simple-concat": "^1.0.0"
      }
    },
    "node_modules/store2": {
      "version": "2.11.0",
      "license": "(MIT OR GPL-3.0)"
    },
    "node_modules/strict-uri-encode": {
      "version": "1.1.0",
      "license": "MIT",
      "engines": {
        "node": ">=0.10.0"
      }
    },
    "node_modules/string_decoder": {
      "version": "1.3.0",
      "license": "MIT",
      "dependencies": {
        "safe-buffer": "~5.2.0"
      }
    },
    "node_modules/strip-hex-prefix": {
      "version": "1.0.0",
      "license": "MIT",
      "dependencies": {
        "is-hex-prefixed": "1.0.0"
      },
      "engines": {
        "node": ">=6.5.0",
        "npm": ">=3"
      }
    },
    "node_modules/timed-out": {
      "version": "4.0.1",
      "license": "MIT",
      "engines": {
        "node": ">=0.10.0"
      }
    },
    "node_modules/underscore": {
      "version": "1.9.1",
      "license": "MIT"
    },
    "node_modules/url-set-query": {
      "version": "1.0.0",
      "license": "MIT"
    },
    "node_modules/utf8": {
      "version": "3.0.0",
      "license": "MIT"
    },
    "node_modules/util-deprecate": {
      "version": "1.0.2",
      "license": "MIT"
    },
    "node_modules/web3-utils": {
      "version": "1.2.11",
      "license": "LGPL-3.0",
      "dependencies": {
        "bn.js": "^4.11.9",
        "eth-lib": "0.2.8",
        "ethereum-bloom-filters": "^1.0.6",
        "ethjs-unit": "0.1.6",
        "number-to-bn": "1.7.0",
        "randombytes": "^2.1.0",
        "underscore": "1.9.1",
        "utf8": "3.0.0"
      },
      "engines": {
        "node": ">=8.0.0"
      }
    },
    "node_modules/web3-utils/node_modules/bn.js": {
      "version": "4.12.0",
      "license": "MIT"
    },
    "node_modules/webcrypto": {
      "version": "0.1.1",
      "license": "MIT",
      "dependencies": {
        "crypto-browserify": "^3.10.0",
        "detect-node": "^2.0.3"
      }
    },
    "node_modules/wrappy": {
      "version": "1.0.2",
      "license": "ISC"
    },
    "node_modules/xhr": {
      "version": "2.6.0",
      "license": "MIT",
      "dependencies": {
        "global": "~4.4.0",
        "is-function": "^1.0.1",
        "parse-headers": "^2.0.0",
        "xtend": "^4.0.0"
      }
    },
    "node_modules/xhr-request": {
      "version": "1.1.0",
      "license": "MIT",
      "dependencies": {
        "buffer-to-arraybuffer": "^0.0.5",
        "object-assign": "^4.1.1",
        "query-string": "^5.0.1",
        "simple-get": "^2.7.0",
        "timed-out": "^4.0.1",
        "url-set-query": "^1.0.0",
        "xhr": "^2.0.4"
      }
    },
    "node_modules/xhr-request-promise": {
      "version": "0.1.3",
      "license": "MIT",
      "dependencies": {
        "xhr-request": "^1.1.0"
      }
    },
    "node_modules/xtend": {
      "version": "4.0.2",
      "license": "MIT",
      "engines": {
        "node": ">=0.4"
      }
    }
  },
  "dependencies": {
    "@types/bn.js": {
      "version": "5.1.0",
      "requires": {
        "@types/node": "*"
      }
    },
    "@types/node": {
      "version": "14.14.37"
    },
    "@types/pbkdf2": {
      "version": "3.1.0",
      "requires": {
        "@types/node": "*"
      }
    },
    "@types/secp256k1": {
      "version": "4.0.1",
      "requires": {
        "@types/node": "*"
      }
    },
    "asn1.js": {
      "version": "5.4.1",
      "requires": {
        "bn.js": "^4.0.0",
        "inherits": "^2.0.1",
        "minimalistic-assert": "^1.0.0",
        "safer-buffer": "^2.1.0"
      }
    },
    "avalanche": {
      "version": "3.2.5",
      "requires": {
        "axios": "0.21.1",
        "bech32": "1.1.4",
        "bn.js": "4.11.8",
        "buffer": "5.5.0",
        "create-hash": "1.2.0",
        "elliptic": "6.5.4",
        "node-forge": "^0.10.0",
        "secp256k1": "4.0.2",
        "store2": "2.11.0",
        "web3-utils": "1.2.11",
        "webcrypto": "0.1.1"
      }
    },
    "axios": {
      "version": "0.21.1",
      "requires": {
        "follow-redirects": "^1.10.0"
      }
    },
    "base-x": {
      "version": "3.0.8",
      "requires": {
        "safe-buffer": "^5.0.1"
      }
    },
    "base64-js": {
      "version": "1.5.1"
    },
    "bech32": {
      "version": "1.1.4"
    },
    "blakejs": {
      "version": "1.1.0"
    },
    "bn.js": {
      "version": "4.11.8"
    },
    "brorand": {
      "version": "1.1.0"
    },
    "browserify-aes": {
      "version": "1.2.0",
      "requires": {
        "buffer-xor": "^1.0.3",
        "cipher-base": "^1.0.0",
        "create-hash": "^1.1.0",
        "evp_bytestokey": "^1.0.3",
        "inherits": "^2.0.1",
        "safe-buffer": "^5.0.1"
      }
    },
    "browserify-cipher": {
      "version": "1.0.1",
      "requires": {
        "browserify-aes": "^1.0.4",
        "browserify-des": "^1.0.0",
        "evp_bytestokey": "^1.0.0"
      }
    },
    "browserify-des": {
      "version": "1.0.2",
      "requires": {
        "cipher-base": "^1.0.1",
        "des.js": "^1.0.0",
        "inherits": "^2.0.1",
        "safe-buffer": "^5.1.2"
      }
    },
    "browserify-rsa": {
      "version": "4.1.0",
      "requires": {
        "bn.js": "^5.0.0",
        "randombytes": "^2.0.1"
      },
      "dependencies": {
        "bn.js": {
          "version": "5.2.0"
        }
      }
    },
    "browserify-sign": {
      "version": "4.2.1",
      "requires": {
        "bn.js": "^5.1.1",
        "browserify-rsa": "^4.0.1",
        "create-hash": "^1.2.0",
        "create-hmac": "^1.1.7",
        "elliptic": "^6.5.3",
        "inherits": "^2.0.4",
        "parse-asn1": "^5.1.5",
        "readable-stream": "^3.6.0",
        "safe-buffer": "^5.2.0"
      },
      "dependencies": {
        "bn.js": {
          "version": "5.2.0"
        }
      }
    },
    "bs58": {
      "version": "4.0.1",
      "requires": {
        "base-x": "^3.0.2"
      }
    },
    "bs58check": {
      "version": "2.1.2",
      "requires": {
        "bs58": "^4.0.0",
        "create-hash": "^1.1.0",
        "safe-buffer": "^5.1.2"
      }
    },
    "buffer": {
      "version": "5.5.0",
      "requires": {
        "base64-js": "^1.0.2",
        "ieee754": "^1.1.4"
      }
    },
    "buffer-to-arraybuffer": {
      "version": "0.0.5"
    },
    "buffer-xor": {
      "version": "1.0.3"
    },
    "cipher-base": {
      "version": "1.0.4",
      "requires": {
        "inherits": "^2.0.1",
        "safe-buffer": "^5.0.1"
      }
    },
    "create-ecdh": {
      "version": "4.0.4",
      "requires": {
        "bn.js": "^4.1.0",
        "elliptic": "^6.5.3"
      }
    },
    "create-hash": {
      "version": "1.2.0",
      "requires": {
        "cipher-base": "^1.0.1",
        "inherits": "^2.0.1",
        "md5.js": "^1.3.4",
        "ripemd160": "^2.0.1",
        "sha.js": "^2.4.0"
      }
    },
    "create-hmac": {
      "version": "1.1.7",
      "requires": {
        "cipher-base": "^1.0.3",
        "create-hash": "^1.1.0",
        "inherits": "^2.0.1",
        "ripemd160": "^2.0.0",
        "safe-buffer": "^5.0.1",
        "sha.js": "^2.4.8"
      }
    },
    "crypto-browserify": {
      "version": "3.12.0",
      "requires": {
        "browserify-cipher": "^1.0.0",
        "browserify-sign": "^4.0.0",
        "create-ecdh": "^4.0.0",
        "create-hash": "^1.1.0",
        "create-hmac": "^1.1.0",
        "diffie-hellman": "^5.0.0",
        "inherits": "^2.0.1",
        "pbkdf2": "^3.0.3",
        "public-encrypt": "^4.0.0",
        "randombytes": "^2.0.0",
        "randomfill": "^1.0.3"
      }
    },
    "decode-uri-component": {
      "version": "0.2.0"
    },
    "decompress-response": {
      "version": "3.3.0",
      "requires": {
        "mimic-response": "^1.0.0"
      }
    },
    "des.js": {
      "version": "1.0.1",
      "requires": {
        "inherits": "^2.0.1",
        "minimalistic-assert": "^1.0.0"
      }
    },
    "detect-node": {
      "version": "2.0.5"
    },
    "diffie-hellman": {
      "version": "5.0.3",
      "requires": {
        "bn.js": "^4.1.0",
        "miller-rabin": "^4.0.0",
        "randombytes": "^2.0.0"
      }
    },
    "dom-walk": {
      "version": "0.1.2"
    },
    "dotenv": {
      "version": "8.2.0"
    },
    "elliptic": {
      "version": "6.5.4",
      "requires": {
        "bn.js": "^4.11.9",
        "brorand": "^1.1.0",
        "hash.js": "^1.0.0",
        "hmac-drbg": "^1.0.1",
        "inherits": "^2.0.4",
        "minimalistic-assert": "^1.0.1",
        "minimalistic-crypto-utils": "^1.0.1"
      },
      "dependencies": {
        "bn.js": {
          "version": "4.12.0"
        }
      }
    },
    "eth-lib": {
      "version": "0.2.8",
      "requires": {
        "bn.js": "^4.11.6",
        "elliptic": "^6.4.0",
        "xhr-request-promise": "^0.1.2"
      }
    },
    "ethereum-bloom-filters": {
      "version": "1.0.9",
      "requires": {
        "js-sha3": "^0.8.0"
      }
    },
    "ethereum-cryptography": {
      "version": "0.1.3",
      "requires": {
        "@types/pbkdf2": "^3.0.0",
        "@types/secp256k1": "^4.0.1",
        "blakejs": "^1.1.0",
        "browserify-aes": "^1.2.0",
        "bs58check": "^2.1.2",
        "create-hash": "^1.2.0",
        "create-hmac": "^1.1.7",
        "hash.js": "^1.1.7",
        "keccak": "^3.0.0",
        "pbkdf2": "^3.0.17",
        "randombytes": "^2.1.0",
        "safe-buffer": "^5.1.2",
        "scrypt-js": "^3.0.0",
        "secp256k1": "^4.0.1",
        "setimmediate": "^1.0.5"
      }
    },
    "ethereumjs-util": {
      "version": "7.0.10",
      "requires": {
        "@types/bn.js": "^5.1.0",
        "bn.js": "^5.1.2",
        "create-hash": "^1.1.2",
        "ethereum-cryptography": "^0.1.3",
        "ethjs-util": "0.1.6",
        "rlp": "^2.2.4"
      },
      "dependencies": {
        "bn.js": {
          "version": "5.2.0"
        }
      }
    },
    "ethjs-unit": {
      "version": "0.1.6",
      "requires": {
        "bn.js": "4.11.6",
        "number-to-bn": "1.7.0"
      },
      "dependencies": {
        "bn.js": {
          "version": "4.11.6"
        }
      }
    },
    "ethjs-util": {
      "version": "0.1.6",
      "requires": {
        "is-hex-prefixed": "1.0.0",
        "strip-hex-prefix": "1.0.0"
      }
    },
    "evp_bytestokey": {
      "version": "1.0.3",
      "requires": {
        "md5.js": "^1.3.4",
        "safe-buffer": "^5.1.1"
      }
    },
    "follow-redirects": {
      "version": "1.13.3"
    },
    "global": {
      "version": "4.4.0",
      "requires": {
        "min-document": "^2.19.0",
        "process": "^0.11.10"
      }
    },
    "hash-base": {
      "version": "3.1.0",
      "requires": {
        "inherits": "^2.0.4",
        "readable-stream": "^3.6.0",
        "safe-buffer": "^5.2.0"
      }
    },
    "hash.js": {
      "version": "1.1.7",
      "requires": {
        "inherits": "^2.0.3",
        "minimalistic-assert": "^1.0.1"
      }
    },
    "hmac-drbg": {
      "version": "1.0.1",
      "requires": {
        "hash.js": "^1.0.3",
        "minimalistic-assert": "^1.0.0",
        "minimalistic-crypto-utils": "^1.0.1"
      }
    },
    "ieee754": {
      "version": "1.2.1"
    },
    "inherits": {
      "version": "2.0.4"
    },
    "is-function": {
      "version": "1.0.2"
    },
    "is-hex-prefixed": {
      "version": "1.0.0"
    },
    "js-sha3": {
      "version": "0.8.0"
    },
    "keccak": {
      "version": "3.0.1",
      "requires": {
        "node-addon-api": "^2.0.0",
        "node-gyp-build": "^4.2.0"
      }
    },
    "md5.js": {
      "version": "1.3.5",
      "requires": {
        "hash-base": "^3.0.0",
        "inherits": "^2.0.1",
        "safe-buffer": "^5.1.2"
      }
    },
    "miller-rabin": {
      "version": "4.0.1",
      "requires": {
        "bn.js": "^4.0.0",
        "brorand": "^1.0.1"
      }
    },
    "mimic-response": {
      "version": "1.0.1"
    },
    "min-document": {
      "version": "2.19.0",
      "requires": {
        "dom-walk": "^0.1.0"
      }
    },
    "minimalistic-assert": {
      "version": "1.0.1"
    },
    "minimalistic-crypto-utils": {
      "version": "1.0.1"
    },
    "node-addon-api": {
      "version": "2.0.2"
    },
    "node-forge": {
      "version": "0.10.0"
    },
    "node-gyp-build": {
      "version": "4.2.3"
    },
    "number-to-bn": {
      "version": "1.7.0",
      "requires": {
        "bn.js": "4.11.6",
        "strip-hex-prefix": "1.0.0"
      },
      "dependencies": {
        "bn.js": {
          "version": "4.11.6"
        }
      }
    },
    "object-assign": {
      "version": "4.1.1"
    },
    "once": {
      "version": "1.4.0",
      "requires": {
        "wrappy": "1"
      }
    },
    "parse-asn1": {
      "version": "5.1.6",
      "requires": {
        "asn1.js": "^5.2.0",
        "browserify-aes": "^1.0.0",
        "evp_bytestokey": "^1.0.0",
        "pbkdf2": "^3.0.3",
        "safe-buffer": "^5.1.1"
      }
    },
    "parse-headers": {
      "version": "2.0.3"
    },
    "pbkdf2": {
      "version": "3.1.2",
      "requires": {
        "create-hash": "^1.1.2",
        "create-hmac": "^1.1.4",
        "ripemd160": "^2.0.1",
        "safe-buffer": "^5.0.1",
        "sha.js": "^2.4.8"
      }
    },
    "process": {
      "version": "0.11.10"
    },
    "public-encrypt": {
      "version": "4.0.3",
      "requires": {
        "bn.js": "^4.1.0",
        "browserify-rsa": "^4.0.0",
        "create-hash": "^1.1.0",
        "parse-asn1": "^5.0.0",
        "randombytes": "^2.0.1",
        "safe-buffer": "^5.1.2"
      }
    },
    "query-string": {
      "version": "5.1.1",
      "requires": {
        "decode-uri-component": "^0.2.0",
        "object-assign": "^4.1.0",
        "strict-uri-encode": "^1.0.0"
      }
    },
    "randombytes": {
      "version": "2.1.0",
      "requires": {
        "safe-buffer": "^5.1.0"
      }
    },
    "randomfill": {
      "version": "1.0.4",
      "requires": {
        "randombytes": "^2.0.5",
        "safe-buffer": "^5.1.0"
      }
    },
    "readable-stream": {
      "version": "3.6.0",
      "requires": {
        "inherits": "^2.0.3",
        "string_decoder": "^1.1.1",
        "util-deprecate": "^1.0.1"
      }
    },
    "ripemd160": {
      "version": "2.0.2",
      "requires": {
        "hash-base": "^3.0.0",
        "inherits": "^2.0.1"
      }
    },
    "rlp": {
      "version": "2.2.6",
      "requires": {
        "bn.js": "^4.11.1"
      }
    },
    "safe-buffer": {
      "version": "5.2.1"
    },
    "safer-buffer": {
      "version": "2.1.2"
    },
    "scrypt-js": {
      "version": "3.0.1"
    },
    "secp256k1": {
      "version": "4.0.2",
      "requires": {
        "elliptic": "^6.5.2",
        "node-addon-api": "^2.0.0",
        "node-gyp-build": "^4.2.0"
      }
    },
    "setimmediate": {
      "version": "1.0.5"
    },
    "sha.js": {
      "version": "2.4.11",
      "requires": {
        "inherits": "^2.0.1",
        "safe-buffer": "^5.0.1"
      }
    },
    "simple-concat": {
      "version": "1.0.1"
    },
    "simple-get": {
      "version": "2.8.1",
      "requires": {
        "decompress-response": "^3.3.0",
        "once": "^1.3.1",
        "simple-concat": "^1.0.0"
      }
    },
    "store2": {
      "version": "2.11.0"
    },
    "strict-uri-encode": {
      "version": "1.1.0"
    },
    "string_decoder": {
      "version": "1.3.0",
      "requires": {
        "safe-buffer": "~5.2.0"
      }
    },
    "strip-hex-prefix": {
      "version": "1.0.0",
      "requires": {
        "is-hex-prefixed": "1.0.0"
      }
    },
    "timed-out": {
      "version": "4.0.1"
    },
    "underscore": {
      "version": "1.9.1"
    },
    "url-set-query": {
      "version": "1.0.0"
    },
    "utf8": {
      "version": "3.0.0"
    },
    "util-deprecate": {
      "version": "1.0.2"
    },
    "web3-utils": {
      "version": "1.2.11",
      "requires": {
        "bn.js": "^4.11.9",
        "eth-lib": "0.2.8",
        "ethereum-bloom-filters": "^1.0.6",
        "ethjs-unit": "0.1.6",
        "number-to-bn": "1.7.0",
        "randombytes": "^2.1.0",
        "underscore": "1.9.1",
        "utf8": "3.0.0"
      },
      "dependencies": {
        "bn.js": {
          "version": "4.12.0"
        }
      }
    },
    "webcrypto": {
      "version": "0.1.1",
      "requires": {
        "crypto-browserify": "^3.10.0",
        "detect-node": "^2.0.3"
      }
    },
    "wrappy": {
      "version": "1.0.2"
    },
    "xhr": {
      "version": "2.6.0",
      "requires": {
        "global": "~4.4.0",
        "is-function": "^1.0.1",
        "parse-headers": "^2.0.0",
        "xtend": "^4.0.0"
      }
    },
    "xhr-request": {
      "version": "1.1.0",
      "requires": {
        "buffer-to-arraybuffer": "^0.0.5",
        "object-assign": "^4.1.1",
        "query-string": "^5.0.1",
        "simple-get": "^2.7.0",
        "timed-out": "^4.0.1",
        "url-set-query": "^1.0.0",
        "xhr": "^2.0.4"
      }
    },
    "xhr-request-promise": {
      "version": "0.1.3",
      "requires": {
        "xhr-request": "^1.1.0"
      }
    },
    "xtend": {
      "version": "4.0.2"
    }
  }
}
